{
  "name": "vue2-core",
  "version": "1.0.0",
  "lockfileVersion": 2,
  "requires": true,
  "packages": {
    "": {
      "name": "vue2-core",
      "version": "1.0.0",
      "license": "ISC",
      "dependencies": {
        "Vue": "file:./package/vue"
      }
    },
    "node_modules/Vue": {
      "resolved": "package/vue",
      "link": true
    },
    "pacakge/vue": {
      "extraneous": true
    },
    "package/vue": {
      "version": "1.0.0",
      "license": "ISC"
    }
  },
  "dependencies": {
    "Vue": {
      "version": "file:package/vue"
    }
  }
}
